# Code generated by scarb DO NOT EDIT.
version = 1

[[package]]
name = "alices_ring_cairo_verifier"
version = "0.1.0"
dependencies = [
 "garaga",
]

[[package]]
name = "garaga"
version = "0.1.0"
source = "git+https://github.com/keep-starknet-strange/garaga.git?branch=msm_copy#7094c0211297addfc633c58cf209048b078665be"
